
Microsoft Visual Studio Solution File, Format Version 12.00
# Visual Studio 15
VisualStudioVersion = 15.0.27130.2024
MinimumVisualStudioVersion = 10.0.40219.1
Project("{FAE04EC0-301F-11D3-BF4B-00C04F79EFBC}") = "Generic Backup Util", "Generic Backup Util\Generic Backup Util.csproj", "{A0B38A6B-2C01-4A6F-804F-C7CC67D40548}"
EndProject
Global
	GlobalSection(SolutionConfigurationPlatforms) = preSolution
		Debug|Any CPU = Debug|Any CPU
		Release|Any CPU = Release|Any CPU
	EndGlobalSection
	GlobalSection(ProjectConfigurationPlatforms) = postSolution
		{A0B38A6B-2C01-4A6F-804F-C7CC67D40548}.Debug|Any CPU.ActiveCfg = Debug|Any CPU
		{A0B38A6B-2C01-4A6F-804F-C7CC67D40548}.Debug|Any CPU.Build.0 = Debug|Any CPU
		{A0B38A6B-2C01-4A6F-804F-C7CC67D40548}.Release|Any CPU.ActiveCfg = Release|Any CPU
		{A0B38A6B-2C01-4A6F-804F-C7CC67D40548}.Release|Any CPU.Build.0 = Release|Any CPU
	EndGlobalSection
	GlobalSection(SolutionProperties) = preSolution
		HideSolutionNode = FALSE
	EndGlobalSection
	GlobalSection(ExtensibilityGlobals) = postSolution
		SolutionGuid = {97DA1854-3A88-4F97-9F7B-F69D1B5B3928}
	EndGlobalSection
EndGlobal
